
Microsoft Visual Studio Solution File, Format Version 12.00
# Visual Studio 2012
Project("{FAE04EC0-301F-11D3-BF4B-00C04F79EFBC}") = "FluidsynthMidiServices", "FluidsynthMidiServices\FluidsynthMidiServices.csproj", "{F317962A-5C43-4A98-8982-0AA1DF5DC2FD}"
EndProject
Project("{FAE04EC0-301F-11D3-BF4B-00C04F79EFBC}") = "NFluidsynth.Android", "NFluidsynth.Android\NFluidsynth.Android.csproj", "{83B7266D-75D2-481F-B082-0FF8E7E2EC72}"
EndProject
Project("{FAE04EC0-301F-11D3-BF4B-00C04F79EFBC}") = "mugenelib", "mugenelib\mugenelib.csproj", "{46EF997F-86AB-4DCC-ABA8-63D97F973FA0}"
EndProject
Project("{FAE04EC0-301F-11D3-BF4B-00C04F79EFBC}") = "NAudio.SoundFont.Android", "NAudio.SoundFont.Android\NAudio.SoundFont.Android.csproj", "{361A7415-3B9F-49A8-8EA3-97E13604566B}"
EndProject
Project("{2150E333-8FDC-42A3-9474-1A3956D46DE8}") = "External", "External", "{3F02F538-2393-4E89-BAEE-FD0A1A77A390}"
EndProject
Project("{FAE04EC0-301F-11D3-BF4B-00C04F79EFBC}") = "SoundFontProvider", "SoundFontProvider\SoundFontProvider.csproj", "{44529BA5-6347-406E-9E1E-93F112498361}"
EndProject
Project("{FAE04EC0-301F-11D3-BF4B-00C04F79EFBC}") = "NoNonsenseFilePickerBinding", "NoNonsenseFilePickerBinding\NoNonsenseFilePickerBinding.csproj", "{434AF485-EA49-4B87-B8CD-3423243D38CC}"
EndProject
Project("{D954291E-2A0B-460D-934E-DC6B0785DB48}") = "NFluidsynth.MidiAccess.Shared", "external\nfluidsynth\NFluidsynth.MidiAccess.Shared\NFluidsynth.MidiAccess.Shared.shproj", "{72F17E3C-B5C0-4E75-BBAD-B51FF560CCFD}"
EndProject
Project("{D954291E-2A0B-460D-934E-DC6B0785DB48}") = "NFluidsynth.Shared", "external\nfluidsynth\NFluidsynth\NFluidsynth.Shared.shproj", "{58B63DC3-E6FF-4D08-8893-7E7ACA31AE88}"
EndProject
Project("{FAE04EC0-301F-11D3-BF4B-00C04F79EFBC}") = "NFluidsynth.MidiAccess.Android", "NFluidsynth.MidiAccess.Android\NFluidsynth.MidiAccess.Android.csproj", "{549311B4-48E4-4C8B-B41E-B71F17F1A598}"
EndProject
Project("{FAE04EC0-301F-11D3-BF4B-00C04F79EFBC}") = "Commons.Music.Midi.Android", "external\nfluidsynth\external\managed-midi\Commons.Music.Midi.Android\Commons.Music.Midi.Android.csproj", "{8C6AF32A-3692-43B3-A907-9395564DB067}"
EndProject
Project("{D954291E-2A0B-460D-934E-DC6B0785DB48}") = "Commons.Music.Midi.Shared", "external\nfluidsynth\external\managed-midi\Commons.Music.Midi.Shared\Commons.Music.Midi.Shared.shproj", "{8742663D-9BB6-43D5-887D-0668E550652F}"
EndProject
Project("{FAE04EC0-301F-11D3-BF4B-00C04F79EFBC}") = "Commons.Music.Midi.AndroidExtensions", "Commons.Music.Midi.AndroidExtensions\Commons.Music.Midi.AndroidExtensions.csproj", "{6C5EE058-E3D8-4390-9434-181C1743AB74}"
EndProject
Global
	GlobalSection(SolutionConfigurationPlatforms) = preSolution
		Debug|Any CPU = Debug|Any CPU
		Release|Any CPU = Release|Any CPU
		Debug|ARM = Debug|ARM
		Release|ARM = Release|ARM
		Debug|x64 = Debug|x64
		Release|x64 = Release|x64
		Debug|x86 = Debug|x86
		Release|x86 = Release|x86
	EndGlobalSection
	GlobalSection(ProjectConfigurationPlatforms) = postSolution
		{F317962A-5C43-4A98-8982-0AA1DF5DC2FD}.Debug|Any CPU.ActiveCfg = Debug|Any CPU
		{F317962A-5C43-4A98-8982-0AA1DF5DC2FD}.Debug|Any CPU.Build.0 = Debug|Any CPU
		{F317962A-5C43-4A98-8982-0AA1DF5DC2FD}.Release|Any CPU.ActiveCfg = Release|Any CPU
		{F317962A-5C43-4A98-8982-0AA1DF5DC2FD}.Release|Any CPU.Build.0 = Release|Any CPU
		{F317962A-5C43-4A98-8982-0AA1DF5DC2FD}.Debug|ARM.ActiveCfg = Debug|Any CPU
		{F317962A-5C43-4A98-8982-0AA1DF5DC2FD}.Debug|ARM.Build.0 = Debug|Any CPU
		{F317962A-5C43-4A98-8982-0AA1DF5DC2FD}.Release|ARM.ActiveCfg = Release|Any CPU
		{F317962A-5C43-4A98-8982-0AA1DF5DC2FD}.Release|ARM.Build.0 = Release|Any CPU
		{F317962A-5C43-4A98-8982-0AA1DF5DC2FD}.Debug|x64.ActiveCfg = Debug|Any CPU
		{F317962A-5C43-4A98-8982-0AA1DF5DC2FD}.Debug|x64.Build.0 = Debug|Any CPU
		{F317962A-5C43-4A98-8982-0AA1DF5DC2FD}.Release|x64.ActiveCfg = Release|Any CPU
		{F317962A-5C43-4A98-8982-0AA1DF5DC2FD}.Release|x64.Build.0 = Release|Any CPU
		{F317962A-5C43-4A98-8982-0AA1DF5DC2FD}.Debug|x86.ActiveCfg = Debug|Any CPU
		{F317962A-5C43-4A98-8982-0AA1DF5DC2FD}.Debug|x86.Build.0 = Debug|Any CPU
		{F317962A-5C43-4A98-8982-0AA1DF5DC2FD}.Release|x86.ActiveCfg = Release|Any CPU
		{F317962A-5C43-4A98-8982-0AA1DF5DC2FD}.Release|x86.Build.0 = Release|Any CPU
		{83B7266D-75D2-481F-B082-0FF8E7E2EC72}.Debug|Any CPU.ActiveCfg = Debug|Any CPU
		{83B7266D-75D2-481F-B082-0FF8E7E2EC72}.Debug|Any CPU.Build.0 = Debug|Any CPU
		{83B7266D-75D2-481F-B082-0FF8E7E2EC72}.Release|Any CPU.ActiveCfg = Release|Any CPU
		{83B7266D-75D2-481F-B082-0FF8E7E2EC72}.Release|Any CPU.Build.0 = Release|Any CPU
		{83B7266D-75D2-481F-B082-0FF8E7E2EC72}.Debug|ARM.ActiveCfg = Debug|Any CPU
		{83B7266D-75D2-481F-B082-0FF8E7E2EC72}.Debug|ARM.Build.0 = Debug|Any CPU
		{83B7266D-75D2-481F-B082-0FF8E7E2EC72}.Release|ARM.ActiveCfg = Release|Any CPU
		{83B7266D-75D2-481F-B082-0FF8E7E2EC72}.Release|ARM.Build.0 = Release|Any CPU
		{83B7266D-75D2-481F-B082-0FF8E7E2EC72}.Debug|x64.ActiveCfg = Debug|Any CPU
		{83B7266D-75D2-481F-B082-0FF8E7E2EC72}.Debug|x64.Build.0 = Debug|Any CPU
		{83B7266D-75D2-481F-B082-0FF8E7E2EC72}.Release|x64.ActiveCfg = Release|Any CPU
		{83B7266D-75D2-481F-B082-0FF8E7E2EC72}.Release|x64.Build.0 = Release|Any CPU
		{83B7266D-75D2-481F-B082-0FF8E7E2EC72}.Debug|x86.ActiveCfg = Debug|Any CPU
		{83B7266D-75D2-481F-B082-0FF8E7E2EC72}.Debug|x86.Build.0 = Debug|Any CPU
		{83B7266D-75D2-481F-B082-0FF8E7E2EC72}.Release|x86.ActiveCfg = Release|Any CPU
		{83B7266D-75D2-481F-B082-0FF8E7E2EC72}.Release|x86.Build.0 = Release|Any CPU
		{46EF997F-86AB-4DCC-ABA8-63D97F973FA0}.Debug|Any CPU.ActiveCfg = Debug|Any CPU
		{46EF997F-86AB-4DCC-ABA8-63D97F973FA0}.Debug|Any CPU.Build.0 = Debug|Any CPU
		{46EF997F-86AB-4DCC-ABA8-63D97F973FA0}.Release|Any CPU.ActiveCfg = Release|Any CPU
		{46EF997F-86AB-4DCC-ABA8-63D97F973FA0}.Release|Any CPU.Build.0 = Release|Any CPU
		{46EF997F-86AB-4DCC-ABA8-63D97F973FA0}.Debug|ARM.ActiveCfg = Debug|Any CPU
		{46EF997F-86AB-4DCC-ABA8-63D97F973FA0}.Debug|ARM.Build.0 = Debug|Any CPU
		{46EF997F-86AB-4DCC-ABA8-63D97F973FA0}.Release|ARM.ActiveCfg = Release|Any CPU
		{46EF997F-86AB-4DCC-ABA8-63D97F973FA0}.Release|ARM.Build.0 = Release|Any CPU
		{46EF997F-86AB-4DCC-ABA8-63D97F973FA0}.Debug|x64.ActiveCfg = Debug|Any CPU
		{46EF997F-86AB-4DCC-ABA8-63D97F973FA0}.Debug|x64.Build.0 = Debug|Any CPU
		{46EF997F-86AB-4DCC-ABA8-63D97F973FA0}.Release|x64.ActiveCfg = Release|Any CPU
		{46EF997F-86AB-4DCC-ABA8-63D97F973FA0}.Release|x64.Build.0 = Release|Any CPU
		{46EF997F-86AB-4DCC-ABA8-63D97F973FA0}.Debug|x86.ActiveCfg = Debug|Any CPU
		{46EF997F-86AB-4DCC-ABA8-63D97F973FA0}.Debug|x86.Build.0 = Debug|Any CPU
		{46EF997F-86AB-4DCC-ABA8-63D97F973FA0}.Release|x86.ActiveCfg = Release|Any CPU
		{46EF997F-86AB-4DCC-ABA8-63D97F973FA0}.Release|x86.Build.0 = Release|Any CPU
		{361A7415-3B9F-49A8-8EA3-97E13604566B}.Debug|Any CPU.ActiveCfg = Debug|Any CPU
		{361A7415-3B9F-49A8-8EA3-97E13604566B}.Debug|Any CPU.Build.0 = Debug|Any CPU
		{361A7415-3B9F-49A8-8EA3-97E13604566B}.Release|Any CPU.ActiveCfg = Release|Any CPU
		{361A7415-3B9F-49A8-8EA3-97E13604566B}.Release|Any CPU.Build.0 = Release|Any CPU
		{361A7415-3B9F-49A8-8EA3-97E13604566B}.Debug|ARM.ActiveCfg = Debug|ARM
		{361A7415-3B9F-49A8-8EA3-97E13604566B}.Debug|ARM.Build.0 = Debug|ARM
		{361A7415-3B9F-49A8-8EA3-97E13604566B}.Release|ARM.ActiveCfg = Release|ARM
		{361A7415-3B9F-49A8-8EA3-97E13604566B}.Release|ARM.Build.0 = Release|ARM
		{361A7415-3B9F-49A8-8EA3-97E13604566B}.Debug|x64.ActiveCfg = Debug|x64
		{361A7415-3B9F-49A8-8EA3-97E13604566B}.Debug|x64.Build.0 = Debug|x64
		{361A7415-3B9F-49A8-8EA3-97E13604566B}.Release|x64.ActiveCfg = Release|x64
		{361A7415-3B9F-49A8-8EA3-97E13604566B}.Release|x64.Build.0 = Release|x64
		{361A7415-3B9F-49A8-8EA3-97E13604566B}.Debug|x86.ActiveCfg = Debug|x86
		{361A7415-3B9F-49A8-8EA3-97E13604566B}.Debug|x86.Build.0 = Debug|x86
		{361A7415-3B9F-49A8-8EA3-97E13604566B}.Release|x86.ActiveCfg = Release|x86
		{361A7415-3B9F-49A8-8EA3-97E13604566B}.Release|x86.Build.0 = Release|x86
		{44529BA5-6347-406E-9E1E-93F112498361}.Debug|Any CPU.ActiveCfg = Debug|Any CPU
		{44529BA5-6347-406E-9E1E-93F112498361}.Debug|Any CPU.Build.0 = Debug|Any CPU
		{44529BA5-6347-406E-9E1E-93F112498361}.Release|Any CPU.ActiveCfg = Release|Any CPU
		{44529BA5-6347-406E-9E1E-93F112498361}.Release|Any CPU.Build.0 = Release|Any CPU
		{44529BA5-6347-406E-9E1E-93F112498361}.Debug|ARM.ActiveCfg = Debug|Any CPU
		{44529BA5-6347-406E-9E1E-93F112498361}.Debug|ARM.Build.0 = Debug|Any CPU
		{44529BA5-6347-406E-9E1E-93F112498361}.Release|ARM.ActiveCfg = Release|Any CPU
		{44529BA5-6347-406E-9E1E-93F112498361}.Release|ARM.Build.0 = Release|Any CPU
		{44529BA5-6347-406E-9E1E-93F112498361}.Debug|x64.ActiveCfg = Debug|Any CPU
		{44529BA5-6347-406E-9E1E-93F112498361}.Debug|x64.Build.0 = Debug|Any CPU
		{44529BA5-6347-406E-9E1E-93F112498361}.Release|x64.ActiveCfg = Release|Any CPU
		{44529BA5-6347-406E-9E1E-93F112498361}.Release|x64.Build.0 = Release|Any CPU
		{44529BA5-6347-406E-9E1E-93F112498361}.Debug|x86.ActiveCfg = Debug|Any CPU
		{44529BA5-6347-406E-9E1E-93F112498361}.Debug|x86.Build.0 = Debug|Any CPU
		{44529BA5-6347-406E-9E1E-93F112498361}.Release|x86.ActiveCfg = Release|Any CPU
		{44529BA5-6347-406E-9E1E-93F112498361}.Release|x86.Build.0 = Release|Any CPU
		{434AF485-EA49-4B87-B8CD-3423243D38CC}.Debug|Any CPU.ActiveCfg = Debug|Any CPU
		{434AF485-EA49-4B87-B8CD-3423243D38CC}.Debug|Any CPU.Build.0 = Debug|Any CPU
		{434AF485-EA49-4B87-B8CD-3423243D38CC}.Release|Any CPU.ActiveCfg = Release|Any CPU
		{434AF485-EA49-4B87-B8CD-3423243D38CC}.Release|Any CPU.Build.0 = Release|Any CPU
		{434AF485-EA49-4B87-B8CD-3423243D38CC}.Debug|ARM.ActiveCfg = Debug|Any CPU
		{434AF485-EA49-4B87-B8CD-3423243D38CC}.Debug|ARM.Build.0 = Debug|Any CPU
		{434AF485-EA49-4B87-B8CD-3423243D38CC}.Release|ARM.ActiveCfg = Release|Any CPU
		{434AF485-EA49-4B87-B8CD-3423243D38CC}.Release|ARM.Build.0 = Release|Any CPU
		{434AF485-EA49-4B87-B8CD-3423243D38CC}.Debug|x64.ActiveCfg = Debug|Any CPU
		{434AF485-EA49-4B87-B8CD-3423243D38CC}.Debug|x64.Build.0 = Debug|Any CPU
		{434AF485-EA49-4B87-B8CD-3423243D38CC}.Release|x64.ActiveCfg = Release|Any CPU
		{434AF485-EA49-4B87-B8CD-3423243D38CC}.Release|x64.Build.0 = Release|Any CPU
		{434AF485-EA49-4B87-B8CD-3423243D38CC}.Debug|x86.ActiveCfg = Debug|Any CPU
		{434AF485-EA49-4B87-B8CD-3423243D38CC}.Debug|x86.Build.0 = Debug|Any CPU
		{434AF485-EA49-4B87-B8CD-3423243D38CC}.Release|x86.ActiveCfg = Release|Any CPU
		{434AF485-EA49-4B87-B8CD-3423243D38CC}.Release|x86.Build.0 = Release|Any CPU
		{549311B4-48E4-4C8B-B41E-B71F17F1A598}.Debug|Any CPU.ActiveCfg = Debug|Any CPU
		{549311B4-48E4-4C8B-B41E-B71F17F1A598}.Debug|Any CPU.Build.0 = Debug|Any CPU
		{549311B4-48E4-4C8B-B41E-B71F17F1A598}.Release|Any CPU.ActiveCfg = Release|Any CPU
		{549311B4-48E4-4C8B-B41E-B71F17F1A598}.Release|Any CPU.Build.0 = Release|Any CPU
		{549311B4-48E4-4C8B-B41E-B71F17F1A598}.Debug|ARM.ActiveCfg = Debug|Any CPU
		{549311B4-48E4-4C8B-B41E-B71F17F1A598}.Debug|ARM.Build.0 = Debug|Any CPU
		{549311B4-48E4-4C8B-B41E-B71F17F1A598}.Release|ARM.ActiveCfg = Release|Any CPU
		{549311B4-48E4-4C8B-B41E-B71F17F1A598}.Release|ARM.Build.0 = Release|Any CPU
		{549311B4-48E4-4C8B-B41E-B71F17F1A598}.Debug|x64.ActiveCfg = Debug|Any CPU
		{549311B4-48E4-4C8B-B41E-B71F17F1A598}.Debug|x64.Build.0 = Debug|Any CPU
		{549311B4-48E4-4C8B-B41E-B71F17F1A598}.Release|x64.ActiveCfg = Release|Any CPU
		{549311B4-48E4-4C8B-B41E-B71F17F1A598}.Release|x64.Build.0 = Release|Any CPU
		{549311B4-48E4-4C8B-B41E-B71F17F1A598}.Debug|x86.ActiveCfg = Debug|Any CPU
		{549311B4-48E4-4C8B-B41E-B71F17F1A598}.Debug|x86.Build.0 = Debug|Any CPU
		{549311B4-48E4-4C8B-B41E-B71F17F1A598}.Release|x86.ActiveCfg = Release|Any CPU
		{549311B4-48E4-4C8B-B41E-B71F17F1A598}.Release|x86.Build.0 = Release|Any CPU
		{8C6AF32A-3692-43B3-A907-9395564DB067}.Debug|Any CPU.ActiveCfg = Debug|Any CPU
		{8C6AF32A-3692-43B3-A907-9395564DB067}.Debug|Any CPU.Build.0 = Debug|Any CPU
		{8C6AF32A-3692-43B3-A907-9395564DB067}.Release|Any CPU.ActiveCfg = Release|Any CPU
		{8C6AF32A-3692-43B3-A907-9395564DB067}.Release|Any CPU.Build.0 = Release|Any CPU
		{8C6AF32A-3692-43B3-A907-9395564DB067}.Debug|ARM.ActiveCfg = Debug|Any CPU
		{8C6AF32A-3692-43B3-A907-9395564DB067}.Debug|ARM.Build.0 = Debug|Any CPU
		{8C6AF32A-3692-43B3-A907-9395564DB067}.Release|ARM.ActiveCfg = Release|Any CPU
		{8C6AF32A-3692-43B3-A907-9395564DB067}.Release|ARM.Build.0 = Release|Any CPU
		{8C6AF32A-3692-43B3-A907-9395564DB067}.Debug|x64.ActiveCfg = Debug|Any CPU
		{8C6AF32A-3692-43B3-A907-9395564DB067}.Debug|x64.Build.0 = Debug|Any CPU
		{8C6AF32A-3692-43B3-A907-9395564DB067}.Release|x64.ActiveCfg = Release|Any CPU
		{8C6AF32A-3692-43B3-A907-9395564DB067}.Release|x64.Build.0 = Release|Any CPU
		{8C6AF32A-3692-43B3-A907-9395564DB067}.Debug|x86.ActiveCfg = Debug|Any CPU
		{8C6AF32A-3692-43B3-A907-9395564DB067}.Debug|x86.Build.0 = Debug|Any CPU
		{8C6AF32A-3692-43B3-A907-9395564DB067}.Release|x86.ActiveCfg = Release|Any CPU
		{8C6AF32A-3692-43B3-A907-9395564DB067}.Release|x86.Build.0 = Release|Any CPU
		{6C5EE058-E3D8-4390-9434-181C1743AB74}.Debug|Any CPU.ActiveCfg = Debug|Any CPU
		{6C5EE058-E3D8-4390-9434-181C1743AB74}.Debug|Any CPU.Build.0 = Debug|Any CPU
		{6C5EE058-E3D8-4390-9434-181C1743AB74}.Release|Any CPU.ActiveCfg = Release|Any CPU
		{6C5EE058-E3D8-4390-9434-181C1743AB74}.Release|Any CPU.Build.0 = Release|Any CPU
		{6C5EE058-E3D8-4390-9434-181C1743AB74}.Debug|ARM.ActiveCfg = Debug|Any CPU
		{6C5EE058-E3D8-4390-9434-181C1743AB74}.Debug|ARM.Build.0 = Debug|Any CPU
		{6C5EE058-E3D8-4390-9434-181C1743AB74}.Release|ARM.ActiveCfg = Release|Any CPU
		{6C5EE058-E3D8-4390-9434-181C1743AB74}.Release|ARM.Build.0 = Release|Any CPU
		{6C5EE058-E3D8-4390-9434-181C1743AB74}.Debug|x64.ActiveCfg = Debug|Any CPU
		{6C5EE058-E3D8-4390-9434-181C1743AB74}.Debug|x64.Build.0 = Debug|Any CPU
		{6C5EE058-E3D8-4390-9434-181C1743AB74}.Release|x64.ActiveCfg = Release|Any CPU
		{6C5EE058-E3D8-4390-9434-181C1743AB74}.Release|x64.Build.0 = Release|Any CPU
		{6C5EE058-E3D8-4390-9434-181C1743AB74}.Debug|x86.ActiveCfg = Debug|Any CPU
		{6C5EE058-E3D8-4390-9434-181C1743AB74}.Debug|x86.Build.0 = Debug|Any CPU
		{6C5EE058-E3D8-4390-9434-181C1743AB74}.Release|x86.ActiveCfg = Release|Any CPU
		{6C5EE058-E3D8-4390-9434-181C1743AB74}.Release|x86.Build.0 = Release|Any CPU
	EndGlobalSection
	GlobalSection(NestedProjects) = preSolution
		{361A7415-3B9F-49A8-8EA3-97E13604566B} = {3F02F538-2393-4E89-BAEE-FD0A1A77A390}
		{46EF997F-86AB-4DCC-ABA8-63D97F973FA0} = {3F02F538-2393-4E89-BAEE-FD0A1A77A390}
		{83B7266D-75D2-481F-B082-0FF8E7E2EC72} = {3F02F538-2393-4E89-BAEE-FD0A1A77A390}
		{72F17E3C-B5C0-4E75-BBAD-B51FF560CCFD} = {3F02F538-2393-4E89-BAEE-FD0A1A77A390}
		{58B63DC3-E6FF-4D08-8893-7E7ACA31AE88} = {3F02F538-2393-4E89-BAEE-FD0A1A77A390}
		{549311B4-48E4-4C8B-B41E-B71F17F1A598} = {3F02F538-2393-4E89-BAEE-FD0A1A77A390}
		{8C6AF32A-3692-43B3-A907-9395564DB067} = {3F02F538-2393-4E89-BAEE-FD0A1A77A390}
		{8742663D-9BB6-43D5-887D-0668E550652F} = {3F02F538-2393-4E89-BAEE-FD0A1A77A390}
	EndGlobalSection
EndGlobal
